
Microsoft Visual Studio Solution File, Format Version 12.00
# Visual Studio Version 17
VisualStudioVersion = 17.9.34902.65
MinimumVisualStudioVersion = 10.0.40219.1
Project("{FAE04EC0-301F-11D3-BF4B-00C04F79EFBC}") = "Smartshop_Management_System", "Smartshop_Management_System\Smartshop_Management_System.csproj", "{67E4224A-B0E7-4480-B46C-913D61D103DA}"
EndProject
Global
	GlobalSection(SolutionConfigurationPlatforms) = preSolution
		Debug|Any CPU = Debug|Any CPU
		Release|Any CPU = Release|Any CPU
	EndGlobalSection
	GlobalSection(ProjectConfigurationPlatforms) = postSolution
		{67E4224A-B0E7-4480-B46C-913D61D103DA}.Debug|Any CPU.ActiveCfg = Debug|Any CPU
		{67E4224A-B0E7-4480-B46C-913D61D103DA}.Debug|Any CPU.Build.0 = Debug|Any CPU
		{67E4224A-B0E7-4480-B46C-913D61D103DA}.Release|Any CPU.ActiveCfg = Release|Any CPU
		{67E4224A-B0E7-4480-B46C-913D61D103DA}.Release|Any CPU.Build.0 = Release|Any CPU
	EndGlobalSection
	GlobalSection(SolutionProperties) = preSolution
		HideSolutionNode = FALSE
	EndGlobalSection
	GlobalSection(ExtensibilityGlobals) = postSolution
		SolutionGuid = {77504357-5092-4903-97E0-C263DA4FD570}
	EndGlobalSection
EndGlobal
